
Microsoft Visual Studio Solution File, Format Version 12.00
# Visual Studio Version 17
VisualStudioVersion = 17.10.35013.160
MinimumVisualStudioVersion = 10.0.40219.1
Project("{FAE04EC0-301F-11D3-BF4B-00C04F79EFBC}") = "Projem", "Projem\Projem.csproj", "{72F29474-9553-4F71-B35D-8C161CEB592D}"
EndProject
Global
	GlobalSection(SolutionConfigurationPlatforms) = preSolution
		Debug|Any CPU = Debug|Any CPU
		Release|Any CPU = Release|Any CPU
	EndGlobalSection
	GlobalSection(ProjectConfigurationPlatforms) = postSolution
		{72F29474-9553-4F71-B35D-8C161CEB592D}.Debug|Any CPU.ActiveCfg = Debug|Any CPU
		{72F29474-9553-4F71-B35D-8C161CEB592D}.Debug|Any CPU.Build.0 = Debug|Any CPU
		{72F29474-9553-4F71-B35D-8C161CEB592D}.Release|Any CPU.ActiveCfg = Release|Any CPU
		{72F29474-9553-4F71-B35D-8C161CEB592D}.Release|Any CPU.Build.0 = Release|Any CPU
	EndGlobalSection
	GlobalSection(SolutionProperties) = preSolution
		HideSolutionNode = FALSE
	EndGlobalSection
	GlobalSection(ExtensibilityGlobals) = postSolution
		SolutionGuid = {FB8CC6DC-2680-4673-BD17-C30A36AA2756}
	EndGlobalSection
EndGlobal
